
Microsoft Visual Studio Solution File, Format Version 12.00
# Visual Studio Version 16
VisualStudioVersion = 16.0.32106.194
MinimumVisualStudioVersion = 10.0.40219.1
Project("{FAE04EC0-301F-11D3-BF4B-00C04F79EFBC}") = "DEFCON Level Display", "DEFCON Level Display.csproj", "{7AEC449D-295F-4E67-B537-43A6C2C7295D}"
EndProject
Global
	GlobalSection(SolutionConfigurationPlatforms) = preSolution
		Debug|Any CPU = Debug|Any CPU
		Release|Any CPU = Release|Any CPU
	EndGlobalSection
	GlobalSection(ProjectConfigurationPlatforms) = postSolution
		{7AEC449D-295F-4E67-B537-43A6C2C7295D}.Debug|Any CPU.ActiveCfg = Debug|Any CPU
		{7AEC449D-295F-4E67-B537-43A6C2C7295D}.Debug|Any CPU.Build.0 = Debug|Any CPU
		{7AEC449D-295F-4E67-B537-43A6C2C7295D}.Release|Any CPU.ActiveCfg = Release|Any CPU
		{7AEC449D-295F-4E67-B537-43A6C2C7295D}.Release|Any CPU.Build.0 = Release|Any CPU
	EndGlobalSection
	GlobalSection(SolutionProperties) = preSolution
		HideSolutionNode = FALSE
	EndGlobalSection
	GlobalSection(ExtensibilityGlobals) = postSolution
		SolutionGuid = {16CAEFD4-E687-4840-82AB-726FA7E8D90B}
	EndGlobalSection
EndGlobal
